// !$*UTF8*$!
{
	archiveVersion = 1;
	classes = {
	};
	objectVersion = 55;
	objects = {

/* Begin PBXBuildFile section */
		62DDB193E36465B7D01BCA9C /* entity.cpp in Sources */ = {isa = PBXBuildFile; fileRef = 62DDBF68B8E322BB73BB3951 /* entity.cpp */; };
		62DDB8F83924186E515E4DC0 /* util.cpp in Sources */ = {isa = PBXBuildFile; fileRef = 62DDBE7F794C9858C9CEB303 /* util.cpp */; };
		62DDBB8E01967638515798CC /* main.cpp in Sources */ = {isa = PBXBuildFile; fileRef = 62DDBAD83B40BE78BE6C7F99 /* main.cpp */; };
/* End PBXBuildFile section */

/* Begin PBXCopyFilesBuildPhase section */
		5900410B28E7A4D000B259CE /* CopyFiles */ = {
			isa = PBXCopyFilesBuildPhase;
			buildActionMask = 2147483647;
			dstPath = /usr/share/man/man1/;
			dstSubfolderSpec = 0;
			files = (
			);
			runOnlyForDeploymentPostprocessing = 1;
		};
/* End PBXCopyFilesBuildPhase section */

/* Begin PBXFileReference section */
		5900410D28E7A4D000B259CE /* luatest */ = {isa = PBXFileReference; explicitFileType = "compiled.mach-o.executable"; includeInIndex = 0; path = luatest; sourceTree = BUILT_PRODUCTS_DIR; };
		62DDB3B995754E95039BA09E /* Entity.ts */ = {isa = PBXFileReference; lastKnownFileType = file.ts; path = Entity.ts; sourceTree = "<group>"; };
		62DDB3F522B3939637061126 /* lib.d.ts */ = {isa = PBXFileReference; lastKnownFileType = file.ts; path = lib.d.ts; sourceTree = "<group>"; };
		62DDB7ECD96878E39D1A7CEF /* package.json */ = {isa = PBXFileReference; fileEncoding = 4; lastKnownFileType = text.json; path = package.json; sourceTree = "<group>"; };
		62DDB9970EBAECD6413609EC /* Player.ts */ = {isa = PBXFileReference; lastKnownFileType = file.ts; path = Player.ts; sourceTree = "<group>"; };
		62DDB9BAFFA601BC9E291E6B /* package-lock.json */ = {isa = PBXFileReference; fileEncoding = 4; lastKnownFileType = text.json; path = "package-lock.json"; sourceTree = "<group>"; };
		62DDB9CA16A54D95C985AD6A /* resources */ = {isa = PBXFileReference; fileEncoding = 4; lastKnownFileType = folder; path = resources; sourceTree = "<group>"; };
		62DDBA7557CB2E8B049C57C7 /* Game.ts */ = {isa = PBXFileReference; lastKnownFileType = file.ts; path = Game.ts; sourceTree = "<group>"; };
		62DDBAD83B40BE78BE6C7F99 /* main.cpp */ = {isa = PBXFileReference; fileEncoding = 4; lastKnownFileType = sourcecode.cpp.cpp; path = main.cpp; sourceTree = "<group>"; };
		62DDBBA543D2680A64C2AC2A /* tsconfig.json */ = {isa = PBXFileReference; fileEncoding = 4; lastKnownFileType = text.json; path = tsconfig.json; sourceTree = "<group>"; };
		62DDBC3F809FC77921D1570E /* common.h */ = {isa = PBXFileReference; fileEncoding = 4; lastKnownFileType = sourcecode.c.h; path = common.h; sourceTree = "<group>"; };
		62DDBD778B424B7FBE21FC45 /* Base.ts */ = {isa = PBXFileReference; lastKnownFileType = file.ts; path = Base.ts; sourceTree = "<group>"; };
		62DDBE7F794C9858C9CEB303 /* util.cpp */ = {isa = PBXFileReference; fileEncoding = 4; lastKnownFileType = sourcecode.cpp.cpp; path = util.cpp; sourceTree = "<group>"; };
		62DDBF68B8E322BB73BB3951 /* entity.cpp */ = {isa = PBXFileReference; fileEncoding = 4; lastKnownFileType = sourcecode.cpp.cpp; path = entity.cpp; sourceTree = "<group>"; };
		62DDBF8BC05FABCA1CD26602 /* main.ts */ = {isa = PBXFileReference; lastKnownFileType = file.ts; path = main.ts; sourceTree = "<group>"; };
/* End PBXFileReference section */

/* Begin PBXFrameworksBuildPhase section */
		5900410A28E7A4D000B259CE /* Frameworks */ = {
			isa = PBXFrameworksBuildPhase;
			buildActionMask = 2147483647;
			files = (
			);
			runOnlyForDeploymentPostprocessing = 0;
		};
/* End PBXFrameworksBuildPhase section */

/* Begin PBXGroup section */
		5900410428E7A4D000B259CE = {
			isa = PBXGroup;
			children = (
				5900410E28E7A4D000B259CE /* Products */,
				62DDB1D4EC47606080F31EA1 /* ts */,
				62DDB7ECD96878E39D1A7CEF /* package.json */,
				62DDBBA543D2680A64C2AC2A /* tsconfig.json */,
				62DDB9BAFFA601BC9E291E6B /* package-lock.json */,
				62DDB9CA16A54D95C985AD6A /* resources */,
				62DDB91BADB8C39C6B089F8F /* src */,
			);
			sourceTree = "<group>";
		};
		5900410E28E7A4D000B259CE /* Products */ = {
			isa = PBXGroup;
			children = (
				5900410D28E7A4D000B259CE /* luatest */,
			);
			name = Products;
			sourceTree = "<group>";
		};
		62DDB1D4EC47606080F31EA1 /* ts */ = {
			isa = PBXGroup;
			children = (
				62DDBF8BC05FABCA1CD26602 /* main.ts */,
				62DDB3F522B3939637061126 /* lib.d.ts */,
				62DDB207EE8487B2822FD7C5 /* Objects */,
				62DDBA7557CB2E8B049C57C7 /* Game.ts */,
				62DDB3B995754E95039BA09E /* Entity.ts */,
			);
			path = ts;
			sourceTree = "<group>";
		};
		62DDB207EE8487B2822FD7C5 /* Objects */ = {
			isa = PBXGroup;
			children = (
				62DDB9970EBAECD6413609EC /* Player.ts */,
				62DDBD778B424B7FBE21FC45 /* Base.ts */,
			);
			path = Objects;
			sourceTree = "<group>";
		};
		62DDB91BADB8C39C6B089F8F /* src */ = {
			isa = PBXGroup;
			children = (
				62DDBC3F809FC77921D1570E /* common.h */,
				62DDBAD83B40BE78BE6C7F99 /* main.cpp */,
				62DDBE7F794C9858C9CEB303 /* util.cpp */,
				62DDBF68B8E322BB73BB3951 /* entity.cpp */,
			);
			path = src;
			sourceTree = "<group>";
		};
/* End PBXGroup section */

/* Begin PBXNativeTarget section */
		5900410C28E7A4D000B259CE /* luatest */ = {
			isa = PBXNativeTarget;
			buildConfigurationList = 5900411428E7A4D000B259CE /* Build configuration list for PBXNativeTarget "luatest" */;
			buildPhases = (
				5900410928E7A4D000B259CE /* Sources */,
				5900410A28E7A4D000B259CE /* Frameworks */,
				5900410B28E7A4D000B259CE /* CopyFiles */,
			);
			buildRules = (
			);
			dependencies = (
			);
			name = luatest;
			productName = luatest;
			productReference = 5900410D28E7A4D000B259CE /* luatest */;
			productType = "com.apple.product-type.tool";
		};
/* End PBXNativeTarget section */

/* Begin PBXProject section */
		5900410528E7A4D000B259CE /* Project object */ = {
			isa = PBXProject;
			attributes = {
				BuildIndependentTargetsInParallel = 1;
				LastUpgradeCheck = 1330;
				TargetAttributes = {
					5900410C28E7A4D000B259CE = {
						CreatedOnToolsVersion = 13.3.1;
					};
				};
			};
			buildConfigurationList = 5900410828E7A4D000B259CE /* Build configuration list for PBXProject "luatest" */;
			compatibilityVersion = "Xcode 13.0";
			developmentRegion = en;
			hasScannedForEncodings = 0;
			knownRegions = (
				en,
				Base,
			);
			mainGroup = 5900410428E7A4D000B259CE;
			productRefGroup = 5900410E28E7A4D000B259CE /* Products */;
			projectDirPath = "";
			projectRoot = "";
			targets = (
				5900410C28E7A4D000B259CE /* luatest */,
			);
		};
/* End PBXProject section */

/* Begin PBXSourcesBuildPhase section */
		5900410928E7A4D000B259CE /* Sources */ = {
			isa = PBXSourcesBuildPhase;
			buildActionMask = 2147483647;
			files = (
				62DDBB8E01967638515798CC /* main.cpp in Sources */,
				62DDB8F83924186E515E4DC0 /* util.cpp in Sources */,
				62DDB193E36465B7D01BCA9C /* entity.cpp in Sources */,
			);
			runOnlyForDeploymentPostprocessing = 0;
		};
/* End PBXSourcesBuildPhase section */

/* Begin XCBuildConfiguration section */
		5900411228E7A4D000B259CE /* Debug */ = {
			isa = XCBuildConfiguration;
			buildSettings = {
				ALWAYS_SEARCH_USER_PATHS = NO;
				CLANG_ANALYZER_NONNULL = YES;
				CLANG_ANALYZER_NUMBER_OBJECT_CONVERSION = YES_AGGRESSIVE;
				CLANG_CXX_LANGUAGE_STANDARD = "gnu++17";
				CLANG_ENABLE_MODULES = YES;
				CLANG_ENABLE_OBJC_ARC = YES;
				CLANG_ENABLE_OBJC_WEAK = YES;
				CLANG_WARN_BLOCK_CAPTURE_AUTORELEASING = YES;
				CLANG_WARN_BOOL_CONVERSION = YES;
				CLANG_WARN_COMMA = YES;
				CLANG_WARN_CONSTANT_CONVERSION = YES;
				CLANG_WARN_DEPRECATED_OBJC_IMPLEMENTATIONS = YES;
				CLANG_WARN_DIRECT_OBJC_ISA_USAGE = YES_ERROR;
				CLANG_WARN_DOCUMENTATION_COMMENTS = YES;
				CLANG_WARN_EMPTY_BODY = YES;
				CLANG_WARN_ENUM_CONVERSION = YES;
				CLANG_WARN_INFINITE_RECURSION = YES;
				CLANG_WARN_INT_CONVERSION = YES;
				CLANG_WARN_NON_LITERAL_NULL_CONVERSION = YES;
				CLANG_WARN_OBJC_IMPLICIT_RETAIN_SELF = YES;
				CLANG_WARN_OBJC_LITERAL_CONVERSION = YES;
				CLANG_WARN_OBJC_ROOT_CLASS = YES_ERROR;
				CLANG_WARN_QUOTED_INCLUDE_IN_FRAMEWORK_HEADER = YES;
				CLANG_WARN_RANGE_LOOP_ANALYSIS = YES;
				CLANG_WARN_STRICT_PROTOTYPES = YES;
				CLANG_WARN_SUSPICIOUS_MOVE = YES;
				CLANG_WARN_UNGUARDED_AVAILABILITY = YES_AGGRESSIVE;
				CLANG_WARN_UNREACHABLE_CODE = YES;
				CLANG_WARN__DUPLICATE_METHOD_MATCH = YES;
				COPY_PHASE_STRIP = NO;
				DEBUG_INFORMATION_FORMAT = dwarf;
				ENABLE_STRICT_OBJC_MSGSEND = YES;
				ENABLE_TESTABILITY = YES;
				GCC_C_LANGUAGE_STANDARD = gnu11;
				GCC_DYNAMIC_NO_PIC = NO;
				GCC_NO_COMMON_BLOCKS = YES;
				GCC_OPTIMIZATION_LEVEL = 0;
				GCC_PREPROCESSOR_DEFINITIONS = (
					"DEBUG=1",
					"$(inherited)",
				);
				GCC_WARN_64_TO_32_BIT_CONVERSION = YES;
				GCC_WARN_ABOUT_RETURN_TYPE = YES_ERROR;
				GCC_WARN_UNDECLARED_SELECTOR = YES;
				GCC_WARN_UNINITIALIZED_AUTOS = YES_AGGRESSIVE;
				GCC_WARN_UNUSED_FUNCTION = YES;
				GCC_WARN_UNUSED_VARIABLE = YES;
				MACOSX_DEPLOYMENT_TARGET = 12.3;
				MTL_ENABLE_DEBUG_INFO = INCLUDE_SOURCE;
				MTL_FAST_MATH = YES;
				ONLY_ACTIVE_ARCH = YES;
				SDKROOT = macosx;
			};
			name = Debug;
		};
		5900411328E7A4D000B259CE /* Release */ = {
			isa = XCBuildConfiguration;
			buildSettings = {
				ALWAYS_SEARCH_USER_PATHS = NO;
				CLANG_ANALYZER_NONNULL = YES;
				CLANG_ANALYZER_NUMBER_OBJECT_CONVERSION = YES_AGGRESSIVE;
				CLANG_CXX_LANGUAGE_STANDARD = "gnu++17";
				CLANG_ENABLE_MODULES = YES;
				CLANG_ENABLE_OBJC_ARC = YES;
				CLANG_ENABLE_OBJC_WEAK = YES;
				CLANG_WARN_BLOCK_CAPTURE_AUTORELEASING = YES;
				CLANG_WARN_BOOL_CONVERSION = YES;
				CLANG_WARN_COMMA = YES;
				CLANG_WARN_CONSTANT_CONVERSION = YES;
				CLANG_WARN_DEPRECATED_OBJC_IMPLEMENTATIONS = YES;
				CLANG_WARN_DIRECT_OBJC_ISA_USAGE = YES_ERROR;
				CLANG_WARN_DOCUMENTATION_COMMENTS = YES;
				CLANG_WARN_EMPTY_BODY = YES;
				CLANG_WARN_ENUM_CONVERSION = YES;
				CLANG_WARN_INFINITE_RECURSION = YES;
				CLANG_WARN_INT_CONVERSION = YES;
				CLANG_WARN_NON_LITERAL_NULL_CONVERSION = YES;
				CLANG_WARN_OBJC_IMPLICIT_RETAIN_SELF = YES;
				CLANG_WARN_OBJC_LITERAL_CONVERSION = YES;
				CLANG_WARN_OBJC_ROOT_CLASS = YES_ERROR;
				CLANG_WARN_QUOTED_INCLUDE_IN_FRAMEWORK_HEADER = YES;
				CLANG_WARN_RANGE_LOOP_ANALYSIS = YES;
				CLANG_WARN_STRICT_PROTOTYPES = YES;
				CLANG_WARN_SUSPICIOUS_MOVE = YES;
				CLANG_WARN_UNGUARDED_AVAILABILITY = YES_AGGRESSIVE;
				CLANG_WARN_UNREACHABLE_CODE = YES;
				CLANG_WARN__DUPLICATE_METHOD_MATCH = YES;
				COPY_PHASE_STRIP = NO;
				DEBUG_INFORMATION_FORMAT = "dwarf-with-dsym";
				ENABLE_NS_ASSERTIONS = NO;
				ENABLE_STRICT_OBJC_MSGSEND = YES;
				GCC_C_LANGUAGE_STANDARD = gnu11;
				GCC_NO_COMMON_BLOCKS = YES;
				GCC_WARN_64_TO_32_BIT_CONVERSION = YES;
				GCC_WARN_ABOUT_RETURN_TYPE = YES_ERROR;
				GCC_WARN_UNDECLARED_SELECTOR = YES;
				GCC_WARN_UNINITIALIZED_AUTOS = YES_AGGRESSIVE;
				GCC_WARN_UNUSED_FUNCTION = YES;
				GCC_WARN_UNUSED_VARIABLE = YES;
				MACOSX_DEPLOYMENT_TARGET = 12.3;
				MTL_ENABLE_DEBUG_INFO = NO;
				MTL_FAST_MATH = YES;
				SDKROOT = macosx;
			};
			name = Release;
		};
		5900411528E7A4D000B259CE /* Debug */ = {
			isa = XCBuildConfiguration;
			buildSettings = {
				CODE_SIGN_STYLE = Automatic;
				HEADER_SEARCH_PATHS = /usr/local/include/;
				OTHER_LDFLAGS = (
					"-llua",
					"-L/usr/local/lib",
					"-lraylib",
				);
				PRODUCT_NAME = "$(TARGET_NAME)";
			};
			name = Debug;
		};
		5900411628E7A4D000B259CE /* Release */ = {
			isa = XCBuildConfiguration;
			buildSettings = {
				CODE_SIGN_STYLE = Automatic;
				HEADER_SEARCH_PATHS = /usr/local/include/;
				OTHER_LDFLAGS = (
					"-llua",
					"-L/usr/local/lib",
					"-lraylib",
				);
				PRODUCT_NAME = "$(TARGET_NAME)";
			};
			name = Release;
		};
/* End XCBuildConfiguration section */

/* Begin XCConfigurationList section */
		5900410828E7A4D000B259CE /* Build configuration list for PBXProject "luatest" */ = {
			isa = XCConfigurationList;
			buildConfigurations = (
				5900411228E7A4D000B259CE /* Debug */,
				5900411328E7A4D000B259CE /* Release */,
			);
			defaultConfigurationIsVisible = 0;
			defaultConfigurationName = Release;
		};
		5900411428E7A4D000B259CE /* Build configuration list for PBXNativeTarget "luatest" */ = {
			isa = XCConfigurationList;
			buildConfigurations = (
				5900411528E7A4D000B259CE /* Debug */,
				5900411628E7A4D000B259CE /* Release */,
			);
			defaultConfigurationIsVisible = 0;
			defaultConfigurationName = Release;
		};
/* End XCConfigurationList section */
	};
	rootObject = 5900410528E7A4D000B259CE /* Project object */;
}
